{
  "name": "rsa-key-server",
  "lockfileVersion": 3,
  "requires": true,
  "packages": {
    "": {
      "dependencies": {
        "@netlify/functions": "^5.1.1"
      }
    },
    "node_modules/@netlify/functions": {
      "version": "5.1.1",
      "resolved": "https://registry.npmjs.org/@netlify/functions/-/functions-5.1.1.tgz",
      "integrity": "sha512-64TvwQkAFpYb3QqYemPYDqWi1xMbYOBfg70bhy23iahWf+F9TJgOOnAVUOk5fMWGN/fk9bZG5ROc+cm32whh+g==",
      "license": "MIT",
      "dependencies": {
        "@netlify/types": "2.3.0"
      },
      "engines": {
        "node": ">=18.0.0"
      }
    },
    "node_modules/@netlify/types": {
      "version": "2.3.0",
      "resolved": "https://registry.npmjs.org/@netlify/types/-/types-2.3.0.tgz",
      "integrity": "sha512-5gxMWh/S7wr0uHKSTbMv4bjWmWSpwpeLYvErWeVNAPll5/QNFo9aWimMAUuh8ReLY3/fg92XAroVVu7+z27Snw==",
      "license": "MIT",
      "engines": {
        "node": "^18.14.0 || >=20"
      }
    }
  }
}
